
Microsoft Visual Studio Solution File, Format Version 12.00
# Visual Studio 2012
Project("{FAE04EC0-301F-11D3-BF4B-00C04F79EFBC}") = "KankuruImporter", "KankuruImporter\KankuruImporter.csproj", "{8C50F26E-3DCC-47D5-AE96-7B11739DD4A1}"
EndProject
Global
	GlobalSection(SolutionConfigurationPlatforms) = preSolution
		Debug|Any CPU = Debug|Any CPU
		Release|Any CPU = Release|Any CPU
	EndGlobalSection
	GlobalSection(ProjectConfigurationPlatforms) = postSolution
		{8C50F26E-3DCC-47D5-AE96-7B11739DD4A1}.Debug|Any CPU.ActiveCfg = Debug|Any CPU
		{8C50F26E-3DCC-47D5-AE96-7B11739DD4A1}.Debug|Any CPU.Build.0 = Debug|Any CPU
		{8C50F26E-3DCC-47D5-AE96-7B11739DD4A1}.Release|Any CPU.ActiveCfg = Release|Any CPU
		{8C50F26E-3DCC-47D5-AE96-7B11739DD4A1}.Release|Any CPU.Build.0 = Release|Any CPU
	EndGlobalSection
	GlobalSection(SolutionProperties) = preSolution
		HideSolutionNode = FALSE
	EndGlobalSection
EndGlobal
